# THIS IS AN AUTOGENERATED FILE. DO NOT EDIT THIS FILE DIRECTLY.
# yarn lockfile v1


angular-animate@^1.5.10:
  version "1.6.1"
  resolved "https://registry.yarnpkg.com/angular-animate/-/angular-animate-1.6.1.tgz#19e3b82b7392e2bbdd83af33c0af0d85437f3a14"

angular-aria@^1.5.10:
  version "1.6.1"
  resolved "https://registry.yarnpkg.com/angular-aria/-/angular-aria-1.6.1.tgz#0fcbf1152b4c26e8671daddea7443a1b983434b9"

angular-material@^1.1.1:
  version "1.1.2"
  resolved "https://registry.yarnpkg.com/angular-material/-/angular-material-1.1.2.tgz#7a5aeebaa350bba8e97c68804b994cfd60c3d125"

angular@^1.5.10:
  version "1.6.1"
  resolved "https://registry.yarnpkg.com/angular/-/angular-1.6.1.tgz#a7b6d763a74c157325692619e97257e69d9b6a27"

moment@^2.17.1:
  version "2.17.1"
  resolved "https://registry.yarnpkg.com/moment/-/moment-2.17.1.tgz#fed9506063f36b10f066c8b59a144d7faebe1d82"
